
Microsoft Visual Studio Solution File, Format Version 12.00
# Visual Studio Version 17
VisualStudioVersion = 17.4.33403.182
MinimumVisualStudioVersion = 10.0.40219.1
Project("{FAE04EC0-301F-11D3-BF4B-00C04F79EFBC}") = "ORMEFWF", "ORMEFWF\ORMEFWF.csproj", "{98B0A2E1-2EE2-4F50-BF63-242213FE731E}"
EndProject
Global
	GlobalSection(SolutionConfigurationPlatforms) = preSolution
		Debug|Any CPU = Debug|Any CPU
		Release|Any CPU = Release|Any CPU
	EndGlobalSection
	GlobalSection(ProjectConfigurationPlatforms) = postSolution
		{98B0A2E1-2EE2-4F50-BF63-242213FE731E}.Debug|Any CPU.ActiveCfg = Debug|Any CPU
		{98B0A2E1-2EE2-4F50-BF63-242213FE731E}.Debug|Any CPU.Build.0 = Debug|Any CPU
		{98B0A2E1-2EE2-4F50-BF63-242213FE731E}.Release|Any CPU.ActiveCfg = Release|Any CPU
		{98B0A2E1-2EE2-4F50-BF63-242213FE731E}.Release|Any CPU.Build.0 = Release|Any CPU
	EndGlobalSection
	GlobalSection(SolutionProperties) = preSolution
		HideSolutionNode = FALSE
	EndGlobalSection
	GlobalSection(ExtensibilityGlobals) = postSolution
		SolutionGuid = {D83A53F7-2043-4D10-9403-0911F9BA5AD5}
	EndGlobalSection
EndGlobal
